
Microsoft Visual Studio Solution File, Format Version 12.00
# Visual Studio Version 17
VisualStudioVersion = 17.5.002.0
MinimumVisualStudioVersion = 10.0.40219.1
Project("{9A19103F-16F7-4668-BE54-9A1E7A4F7556}") = "API", "API.csproj", "{ADB003D7-2F34-4D0C-B344-B64256A30411}"
EndProject
Global
	GlobalSection(SolutionConfigurationPlatforms) = preSolution
		Debug|Any CPU = Debug|Any CPU
		Release|Any CPU = Release|Any CPU
	EndGlobalSection
	GlobalSection(ProjectConfigurationPlatforms) = postSolution
		{ADB003D7-2F34-4D0C-B344-B64256A30411}.Debug|Any CPU.ActiveCfg = Debug|Any CPU
		{ADB003D7-2F34-4D0C-B344-B64256A30411}.Debug|Any CPU.Build.0 = Debug|Any CPU
		{ADB003D7-2F34-4D0C-B344-B64256A30411}.Release|Any CPU.ActiveCfg = Release|Any CPU
		{ADB003D7-2F34-4D0C-B344-B64256A30411}.Release|Any CPU.Build.0 = Release|Any CPU
	EndGlobalSection
	GlobalSection(SolutionProperties) = preSolution
		HideSolutionNode = FALSE
	EndGlobalSection
	GlobalSection(ExtensibilityGlobals) = postSolution
		SolutionGuid = {FB729E7A-CBB5-4D22-AD66-21D62D4734D5}
	EndGlobalSection
EndGlobal
